
Microsoft Visual Studio Solution File, Format Version 12.00
Project("{FAE04EC0-301F-11D3-BF4B-00C04F79EFBC}") = "ToyRobot", "ToyRobot\ToyRobot.csproj", "{36565E02-1091-4C7F-892F-D7D4F7836EF9}"
EndProject
Project("{FAE04EC0-301F-11D3-BF4B-00C04F79EFBC}") = "ToyRobotUnitTests", "ToyRobotUnitTests\ToyRobotUnitTests.csproj", "{41A84CAA-6819-49B7-B0C6-4DC6DE39AFCD}"
EndProject
Global
	GlobalSection(SolutionConfigurationPlatforms) = preSolution
		Debug|Any CPU = Debug|Any CPU
		Release|Any CPU = Release|Any CPU
	EndGlobalSection
	GlobalSection(ProjectConfigurationPlatforms) = postSolution
		{36565E02-1091-4C7F-892F-D7D4F7836EF9}.Debug|Any CPU.ActiveCfg = Debug|Any CPU
		{36565E02-1091-4C7F-892F-D7D4F7836EF9}.Debug|Any CPU.Build.0 = Debug|Any CPU
		{36565E02-1091-4C7F-892F-D7D4F7836EF9}.Release|Any CPU.ActiveCfg = Release|Any CPU
		{36565E02-1091-4C7F-892F-D7D4F7836EF9}.Release|Any CPU.Build.0 = Release|Any CPU
		{41A84CAA-6819-49B7-B0C6-4DC6DE39AFCD}.Debug|Any CPU.ActiveCfg = Debug|Any CPU
		{41A84CAA-6819-49B7-B0C6-4DC6DE39AFCD}.Debug|Any CPU.Build.0 = Debug|Any CPU
		{41A84CAA-6819-49B7-B0C6-4DC6DE39AFCD}.Release|Any CPU.ActiveCfg = Release|Any CPU
		{41A84CAA-6819-49B7-B0C6-4DC6DE39AFCD}.Release|Any CPU.Build.0 = Release|Any CPU
	EndGlobalSection
EndGlobal
